{
  "nodes": {
    "fenix": {
      "inputs": {
        "nixpkgs": "nixpkgs",
        "rust-analyzer-src": "rust-analyzer-src"
      },
      "locked": {
        "lastModified": 1677047105,
        "narHash": "sha256-yWa0IeCycrRxLFMLJToCcQcU6UTCPChXwLS+qWZqSnY=",
        "owner": "nix-community",
        "repo": "fenix",
        "rev": "300bb8bc59d37762ec0ec3028d6f66c55c33a082",
        "type": "github"
      },
      "original": {
        "id": "fenix",
        "type": "indirect"
      }
    },
    "flake-utils": {
      "locked": {
        "lastModified": 1667395993,
        "narHash": "sha256-nuEHfE/LcWyuSWnS8t12N1wc105Qtau+/OdUAjtQ0rA=",
        "owner": "numtide",
        "repo": "flake-utils",
        "rev": "5aed5285a952e0b949eb3ba02c12fa4fcfef535f",
        "type": "github"
      },
      "original": {
        "owner": "numtide",
        "repo": "flake-utils",
        "type": "github"
      }
    },
    "nixpkgs": {
      "locked": {
        "lastModified": 1676973346,
        "narHash": "sha256-rft8oGMocTAhUVqG3LW6I8K/Fo9ICGmNjRqaWTJwav0=",
        "owner": "nixos",
        "repo": "nixpkgs",
        "rev": "d0d55259081f0b97c828f38559cad899d351cad1",
        "type": "github"
      },
      "original": {
        "owner": "nixos",
        "ref": "nixos-unstable",
        "repo": "nixpkgs",
        "type": "github"
      }
    },
    "nixpkgs-current": {
      "locked": {
        "lastModified": 1675107433,
        "narHash": "sha256-AmPt+Ww/TJgx64AwL/Dd4xNU0Uts94VGxfyfhhiQOS4=",
        "owner": "nixos",
        "repo": "nixpkgs",
        "rev": "e6836e8294e199f89cfcccb032420283ac5223e9",
        "type": "github"
      },
      "original": {
        "owner": "nixos",
        "ref": "release-22.11",
        "repo": "nixpkgs",
        "type": "github"
      }
    },
    "nixpkgs-previous": {
      "locked": {
        "lastModified": 1672580127,
        "narHash": "sha256-3lW3xZslREhJogoOkjeZtlBtvFMyxHku7I/9IVehhT8=",
        "owner": "nixos",
        "repo": "nixpkgs",
        "rev": "0874168639713f547c05947c76124f78441ea46c",
        "type": "github"
      },
      "original": {
        "owner": "nixos",
        "ref": "release-22.05",
        "repo": "nixpkgs",
        "type": "github"
      }
    },
    "root": {
      "inputs": {
        "fenix": "fenix",
        "flake-utils": "flake-utils",
        "nixpkgs-current": "nixpkgs-current",
        "nixpkgs-previous": "nixpkgs-previous"
      }
    },
    "rust-analyzer-src": {
      "flake": false,
      "locked": {
        "lastModified": 1674850341,
        "narHash": "sha256-W8abw+8SuxSMMBH4ydfawdC6zwPHQwhHerFEXkB4oU4=",
        "owner": "rust-lang",
        "repo": "rust-analyzer",
        "rev": "f1b257f4eb4fef74b42fd7135d1cf3884e8b51c9",
        "type": "github"
      },
      "original": {
        "owner": "rust-lang",
        "ref": "nightly",
        "repo": "rust-analyzer",
        "type": "github"
      }
    }
  },
  "root": "root",
  "version": 7
}
